
Microsoft Visual Studio Solution File, Format Version 12.00
# Visual Studio 2013
VisualStudioVersion = 12.0.31101.0
MinimumVisualStudioVersion = 10.0.40219.1
Project("{FAE04EC0-301F-11D3-BF4B-00C04F79EFBC}") = "WorkItemDestroyer", "WorkItemDestroyer\WorkItemDestroyer.csproj", "{51B3956C-986B-40A7-B752-824D1DB645DA}"
EndProject
Global
	GlobalSection(SolutionConfigurationPlatforms) = preSolution
		Debug|Any CPU = Debug|Any CPU
		Release|Any CPU = Release|Any CPU
	EndGlobalSection
	GlobalSection(ProjectConfigurationPlatforms) = postSolution
		{51B3956C-986B-40A7-B752-824D1DB645DA}.Debug|Any CPU.ActiveCfg = Debug|Any CPU
		{51B3956C-986B-40A7-B752-824D1DB645DA}.Debug|Any CPU.Build.0 = Debug|Any CPU
		{51B3956C-986B-40A7-B752-824D1DB645DA}.Release|Any CPU.ActiveCfg = Release|Any CPU
		{51B3956C-986B-40A7-B752-824D1DB645DA}.Release|Any CPU.Build.0 = Release|Any CPU
	EndGlobalSection
	GlobalSection(SolutionProperties) = preSolution
		HideSolutionNode = FALSE
	EndGlobalSection
EndGlobal
